
Microsoft Visual Studio Solution File, Format Version 12.00
# Visual Studio 15
VisualStudioVersion = 15.0.28010.2003
MinimumVisualStudioVersion = 10.0.40219.1
Project("{FAE04EC0-301F-11D3-BF4B-00C04F79EFBC}") = "Stopwatch", "Stopwatch\Stopwatch.csproj", "{84ABB058-4676-43E5-8DB6-B3094D8246C7}"
EndProject
Global
	GlobalSection(SolutionConfigurationPlatforms) = preSolution
		Debug|Any CPU = Debug|Any CPU
		Release|Any CPU = Release|Any CPU
	EndGlobalSection
	GlobalSection(ProjectConfigurationPlatforms) = postSolution
		{84ABB058-4676-43E5-8DB6-B3094D8246C7}.Debug|Any CPU.ActiveCfg = Debug|Any CPU
		{84ABB058-4676-43E5-8DB6-B3094D8246C7}.Debug|Any CPU.Build.0 = Debug|Any CPU
		{84ABB058-4676-43E5-8DB6-B3094D8246C7}.Release|Any CPU.ActiveCfg = Release|Any CPU
		{84ABB058-4676-43E5-8DB6-B3094D8246C7}.Release|Any CPU.Build.0 = Release|Any CPU
	EndGlobalSection
	GlobalSection(SolutionProperties) = preSolution
		HideSolutionNode = FALSE
	EndGlobalSection
	GlobalSection(ExtensibilityGlobals) = postSolution
		SolutionGuid = {FFF6A34F-EFE3-493B-8C49-4094886CA97D}
	EndGlobalSection
EndGlobal
